<?xml version="1.0" encoding="utf-8"?>
<Project ToolsVersion="4.0" xmlns="http://schemas.microsoft.com/developer/msbuild/2003">
  <ItemGroup>
    <ClCompile Include="main.cpp" />
    <ClCompile Include="Generics.cpp" />
    <ClCompile Include="TestSerialization.cpp" />
    <ClCompile Include="TestSerializationCommandSequence.cpp" />
    <ClCompile Include="CommandExtension.cpp" />
    <ClCompile Include="..\..\..\out\BattleStats.cpp">
      <Filter>out</Filter>
    </ClCompile>
    <ClCompile Include="..\..\..\out\CommandSequence.cpp">
      <Filter>out</Filter>
    </ClCompile>
    <ClCompile Include="..\..\..\out\Controller.cpp">
      <Filter>out</Filter>
    </ClCompile>
    <ClCompile Include="..\..\..\out\Model.cpp">
      <Filter>out</Filter>
    </ClCompile>
    <ClCompile Include="..\..\..\out\QuestBase.cpp">
      <Filter>out</Filter>
    </ClCompile>
    <ClCompile Include="..\..\..\out\QuestTaskBase.cpp">
      <Filter>out</Filter>
    </ClCompile>
    <ClCompile Include="..\..\..\out\Unit.cpp">
      <Filter>out</Filter>
    </ClCompile>
    <ClCompile Include="..\..\..\out\Item.cpp">
      <Filter>out</Filter>
    </ClCompile>
    <ClCompile Include="..\..\..\out\QuestTaskFindItem.cpp">
      <Filter>out</Filter>
    </ClCompile>
    <ClCompile Include="..\..\..\out\SerializedObject.cpp">
      <Filter>out</Filter>
    </ClCompile>
    <ClCompile Include="IntrusivePtr.cpp" />
    <ClCompile Include="..\..\..\out\UnitView.cpp">
      <Filter>out</Filter>
    </ClCompile>
    <ClCompile Include="..\..\..\out\ViewAnimation.cpp">
      <Filter>out</Filter>
    </ClCompile>
    <ClCompile Include="..\..\..\out\Interaction.cpp">
      <Filter>out</Filter>
    </ClCompile>
    <ClCompile Include="..\..\..\out\InteractionAttack.cpp">
      <Filter>out</Filter>
    </ClCompile>
    <ClCompile Include="..\..\..\out\InteractionLever.cpp">
      <Filter>out</Filter>
    </ClCompile>
    <ClCompile Include="..\..\..\out\InteractionLootItem.cpp">
      <Filter>out</Filter>
    </ClCompile>
    <ClCompile Include="..\..\..\out\InteractionMoveBy.cpp">
      <Filter>out</Filter>
    </ClCompile>
    <ClCompile Include="..\..\..\out\InteractionMoveTo.cpp">
      <Filter>out</Filter>
    </ClCompile>
    <ClCompile Include="..\..\..\out\InteractionPushEvent.cpp">
      <Filter>out</Filter>
    </ClCompile>
    <ClCompile Include="..\..\..\out\InteractionSpawnUnit.cpp">
      <Filter>out</Filter>
    </ClCompile>
    <ClCompile Include="..\..\..\out\InteractionTakeItem.cpp">
      <Filter>out</Filter>
    </ClCompile>
    <ClCompile Include="..\..\..\out\UnitState.cpp">
      <Filter>out</Filter>
    </ClCompile>
    <ClCompile Include="..\..\..\out\UnitStateAttack.cpp">
      <Filter>out</Filter>
    </ClCompile>
    <ClCompile Include="..\..\..\out\UnitStateDeath.cpp">
      <Filter>out</Filter>
    </ClCompile>
    <ClCompile Include="..\..\..\out\UnitStateIdle.cpp">
      <Filter>out</Filter>
    </ClCompile>
    <ClCompile Include="..\..\..\out\UnitStateMove.cpp">
      <Filter>out</Filter>
    </ClCompile>
    <ClCompile Include="..\..\..\out\commands\Command.cpp">
      <Filter>out\commands</Filter>
    </ClCompile>
  </ItemGroup>
  <ItemGroup>
    <ClInclude Include="Generics.h" />
    <ClInclude Include="TestSerialization.h" />
    <ClInclude Include="cocos2d.h" />
    <ClInclude Include="Factory.h" />
    <ClInclude Include="TestSerializationCommandSequence.h" />
    <ClInclude Include="jsoncpp\allocator.h">
      <Filter>jsoncpp</Filter>
    </ClInclude>
    <ClInclude Include="jsoncpp\assertions.h">
      <Filter>jsoncpp</Filter>
    </ClInclude>
    <ClInclude Include="jsoncpp\autolink.h">
      <Filter>jsoncpp</Filter>
    </ClInclude>
    <ClInclude Include="jsoncpp\config.h">
      <Filter>jsoncpp</Filter>
    </ClInclude>
    <ClInclude Include="jsoncpp\features.h">
      <Filter>jsoncpp</Filter>
    </ClInclude>
    <ClInclude Include="jsoncpp\forwards.h">
      <Filter>jsoncpp</Filter>
    </ClInclude>
    <ClInclude Include="jsoncpp\json.h">
      <Filter>jsoncpp</Filter>
    </ClInclude>
    <ClInclude Include="jsoncpp\reader.h">
      <Filter>jsoncpp</Filter>
    </ClInclude>
    <ClInclude Include="jsoncpp\value.h">
      <Filter>jsoncpp</Filter>
    </ClInclude>
    <ClInclude Include="jsoncpp\version.h">
      <Filter>jsoncpp</Filter>
    </ClInclude>
    <ClInclude Include="jsoncpp\writer.h">
      <Filter>jsoncpp</Filter>
    </ClInclude>
    <ClInclude Include="Observer.h" />
    <ClInclude Include="CommandExtension.h" />
    <ClInclude Include="..\..\..\out\BattleStats.h">
      <Filter>out</Filter>
    </ClInclude>
    <ClInclude Include="..\..\..\out\CommandSequence.h">
      <Filter>out</Filter>
    </ClInclude>
    <ClInclude Include="..\..\..\out\Controller.h">
      <Filter>out</Filter>
    </ClInclude>
    <ClInclude Include="..\..\..\out\IVisitorQuestBase.h">
      <Filter>out</Filter>
    </ClInclude>
    <ClInclude Include="..\..\..\out\IVisitorQuestTaskBase.h">
      <Filter>out</Filter>
    </ClInclude>
    <ClInclude Include="..\..\..\out\Model.h">
      <Filter>out</Filter>
    </ClInclude>
    <ClInclude Include="..\..\..\out\QuestBase.h">
      <Filter>out</Filter>
    </ClInclude>
    <ClInclude Include="..\..\..\out\QuestTaskBase.h">
      <Filter>out</Filter>
    </ClInclude>
    <ClInclude Include="..\..\..\out\SerializedObject.h">
      <Filter>out</Filter>
    </ClInclude>
    <ClInclude Include="..\..\..\out\Unit.h">
      <Filter>out</Filter>
    </ClInclude>
    <ClInclude Include="..\..\..\out\Item.h">
      <Filter>out</Filter>
    </ClInclude>
    <ClInclude Include="..\..\..\out\IVisitorItem.h">
      <Filter>out</Filter>
    </ClInclude>
    <ClInclude Include="..\..\..\out\IVisitorUnit.h">
      <Filter>out</Filter>
    </ClInclude>
    <ClInclude Include="..\..\..\out\QuestTaskFindItem.h">
      <Filter>out</Filter>
    </ClInclude>
    <ClInclude Include="IntrusivePtr.h" />
    <ClInclude Include="..\..\..\out\IVisitorUnitView.h">
      <Filter>out</Filter>
    </ClInclude>
    <ClInclude Include="..\..\..\out\UnitView.h">
      <Filter>out</Filter>
    </ClInclude>
    <ClInclude Include="..\..\..\out\ViewAnimation.h">
      <Filter>out</Filter>
    </ClInclude>
    <ClInclude Include="..\..\..\out\Interaction.h">
      <Filter>out</Filter>
    </ClInclude>
    <ClInclude Include="..\..\..\out\InteractionAttack.h">
      <Filter>out</Filter>
    </ClInclude>
    <ClInclude Include="..\..\..\out\IVisitorInteraction.h">
      <Filter>out</Filter>
    </ClInclude>
    <ClInclude Include="..\..\..\out\InteractionLever.h">
      <Filter>out</Filter>
    </ClInclude>
    <ClInclude Include="..\..\..\out\InteractionLootItem.h">
      <Filter>out</Filter>
    </ClInclude>
    <ClInclude Include="..\..\..\out\InteractionMoveBy.h">
      <Filter>out</Filter>
    </ClInclude>
    <ClInclude Include="..\..\..\out\InteractionMoveTo.h">
      <Filter>out</Filter>
    </ClInclude>
    <ClInclude Include="..\..\..\out\InteractionPushEvent.h">
      <Filter>out</Filter>
    </ClInclude>
    <ClInclude Include="..\..\..\out\InteractionSpawnUnit.h">
      <Filter>out</Filter>
    </ClInclude>
    <ClInclude Include="..\..\..\out\InteractionTakeItem.h">
      <Filter>out</Filter>
    </ClInclude>
    <ClInclude Include="..\..\..\out\UnitState.h">
      <Filter>out</Filter>
    </ClInclude>
    <ClInclude Include="..\..\..\out\UnitStateAttack.h">
      <Filter>out</Filter>
    </ClInclude>
    <ClInclude Include="..\..\..\out\UnitStateDeath.h">
      <Filter>out</Filter>
    </ClInclude>
    <ClInclude Include="..\..\..\out\UnitStateIdle.h">
      <Filter>out</Filter>
    </ClInclude>
    <ClInclude Include="..\..\..\out\UnitStateMove.h">
      <Filter>out</Filter>
    </ClInclude>
    <ClInclude Include="..\..\..\out\commands\Command.h">
      <Filter>out\commands</Filter>
    </ClInclude>
  </ItemGroup>
  <ItemGroup>
    <Filter Include="jsoncpp">
      <UniqueIdentifier>{6a874f02-e456-454b-a0f1-3c3cb423d815}</UniqueIdentifier>
    </Filter>
    <Filter Include="out">
      <UniqueIdentifier>{65ac5098-1388-4630-af8e-a782adb50a68}</UniqueIdentifier>
    </Filter>
    <Filter Include="out\commands">
      <UniqueIdentifier>{a2806e8a-47e7-41fa-a5b2-5867827edc2e}</UniqueIdentifier>
    </Filter>
  </ItemGroup>
</Project>